// !$*UTF8*$!
{
	archiveVersion = 1;
	classes = {
	};
	objectVersion = 46;
	objects = {

/* Begin PBXBuildFile section */
		944223791D20A7E00016E082 /* cevfs_build.c in Sources */ = {isa = PBXBuildFile; fileRef = 944223781D20A7E00016E082 /* cevfs_build.c */; };
		9442237B1D20BCAE0016E082 /* libsqlite.a in Frameworks */ = {isa = PBXBuildFile; fileRef = 9442237A1D20BCAE0016E082 /* libsqlite.a */; };
/* End PBXBuildFile section */

/* Begin PBXCopyFilesBuildPhase section */
		944223691D20A59B0016E082 /* CopyFiles */ = {
			isa = PBXCopyFilesBuildPhase;
			buildActionMask = 2147483647;
			dstPath = /usr/share/man/man1/;
			dstSubfolderSpec = 0;
			files = (
			);
			runOnlyForDeploymentPostprocessing = 1;
		};
/* End PBXCopyFilesBuildPhase section */

/* Begin PBXFileReference section */
		9442236B1D20A59B0016E082 /* cevfs_build */ = {isa = PBXFileReference; explicitFileType = "compiled.mach-o.executable"; includeInIndex = 0; path = cevfs_build; sourceTree = BUILT_PRODUCTS_DIR; };
		944223751D20A6870016E082 /* xMethods.c */ = {isa = PBXFileReference; fileEncoding = 4; lastKnownFileType = sourcecode.c.c; path = xMethods.c; sourceTree = "<group>"; };
		944223781D20A7E00016E082 /* cevfs_build.c */ = {isa = PBXFileReference; fileEncoding = 4; lastKnownFileType = sourcecode.c.c; path = cevfs_build.c; sourceTree = "<group>"; };
		9442237A1D20BCAE0016E082 /* libsqlite.a */ = {isa = PBXFileReference; lastKnownFileType = archive.ar; name = libsqlite.a; path = "../../../Library/Developer/Xcode/DerivedData/cevfs-hfabimsbqwgxjbecetgifrofdoaw/Build/Products/Debug/libsqlite.a"; sourceTree = "<group>"; };
/* End PBXFileReference section */

/* Begin PBXFrameworksBuildPhase section */
		944223681D20A59B0016E082 /* Frameworks */ = {
			isa = PBXFrameworksBuildPhase;
			buildActionMask = 2147483647;
			files = (
				9442237B1D20BCAE0016E082 /* libsqlite.a in Frameworks */,
			);
			runOnlyForDeploymentPostprocessing = 0;
		};
/* End PBXFrameworksBuildPhase section */

/* Begin PBXGroup section */
		944223621D20A59B0016E082 = {
			isa = PBXGroup;
			children = (
				944223781D20A7E00016E082 /* cevfs_build.c */,
				944223751D20A6870016E082 /* xMethods.c */,
				9442237E1D20BD300016E082 /* Frameworks */,
				9442236C1D20A59B0016E082 /* Products */,
			);
			sourceTree = "<group>";
		};
		9442236C1D20A59B0016E082 /* Products */ = {
			isa = PBXGroup;
			children = (
				9442236B1D20A59B0016E082 /* cevfs_build */,
			);
			name = Products;
			sourceTree = "<group>";
		};
		9442237E1D20BD300016E082 /* Frameworks */ = {
			isa = PBXGroup;
			children = (
				9442237A1D20BCAE0016E082 /* libsqlite.a */,
			);
			name = Frameworks;
			sourceTree = "<group>";
		};
/* End PBXGroup section */

/* Begin PBXNativeTarget section */
		9442236A1D20A59B0016E082 /* cevfs_build */ = {
			isa = PBXNativeTarget;
			buildConfigurationList = 944223721D20A59B0016E082 /* Build configuration list for PBXNativeTarget "cevfs_build" */;
			buildPhases = (
				944223671D20A59B0016E082 /* Sources */,
				944223681D20A59B0016E082 /* Frameworks */,
				944223691D20A59B0016E082 /* CopyFiles */,
			);
			buildRules = (
			);
			dependencies = (
			);
			name = cevfs_build;
			productName = cevfs_build;
			productReference = 9442236B1D20A59B0016E082 /* cevfs_build */;
			productType = "com.apple.product-type.tool";
		};
/* End PBXNativeTarget section */

/* Begin PBXProject section */
		944223631D20A59B0016E082 /* Project object */ = {
			isa = PBXProject;
			attributes = {
				LastUpgradeCheck = 0730;
				ORGANIZATIONNAME = "Murage Inc.";
				TargetAttributes = {
					9442236A1D20A59B0016E082 = {
						CreatedOnToolsVersion = 7.3.1;
					};
				};
			};
			buildConfigurationList = 944223661D20A59B0016E082 /* Build configuration list for PBXProject "cevfs_build" */;
			compatibilityVersion = "Xcode 3.2";
			developmentRegion = English;
			hasScannedForEncodings = 0;
			knownRegions = (
				en,
			);
			mainGroup = 944223621D20A59B0016E082;
			productRefGroup = 9442236C1D20A59B0016E082 /* Products */;
			projectDirPath = "";
			projectRoot = "";
			targets = (
				9442236A1D20A59B0016E082 /* cevfs_build */,
			);
		};
/* End PBXProject section */

/* Begin PBXSourcesBuildPhase section */
		944223671D20A59B0016E082 /* Sources */ = {
			isa = PBXSourcesBuildPhase;
			buildActionMask = 2147483647;
			files = (
				944223791D20A7E00016E082 /* cevfs_build.c in Sources */,
			);
			runOnlyForDeploymentPostprocessing = 0;
		};
/* End PBXSourcesBuildPhase section */

/* Begin XCBuildConfiguration section */
		944223701D20A59B0016E082 /* Debug */ = {
			isa = XCBuildConfiguration;
			buildSettings = {
				CLANG_ANALYZER_NONNULL = YES;
				CLANG_CXX_LANGUAGE_STANDARD = "gnu++0x";
				CLANG_CXX_LIBRARY = "libc++";
				CLANG_ENABLE_MODULES = YES;
				CLANG_ENABLE_OBJC_ARC = YES;
				CLANG_WARN_BOOL_CONVERSION = YES;
				CLANG_WARN_CONSTANT_CONVERSION = YES;
				CLANG_WARN_DIRECT_OBJC_ISA_USAGE = YES_ERROR;
				CLANG_WARN_EMPTY_BODY = YES;
				CLANG_WARN_ENUM_CONVERSION = YES;
				CLANG_WARN_INT_CONVERSION = YES;
				CLANG_WARN_OBJC_ROOT_CLASS = YES_ERROR;
				CLANG_WARN_UNREACHABLE_CODE = YES;
				CLANG_WARN__DUPLICATE_METHOD_MATCH = YES;
				CODE_SIGN_IDENTITY = "-";
				COPY_PHASE_STRIP = NO;
				DEBUG_INFORMATION_FORMAT = dwarf;
				ENABLE_STRICT_OBJC_MSGSEND = YES;
				ENABLE_TESTABILITY = YES;
				GCC_C_LANGUAGE_STANDARD = gnu99;
				GCC_DYNAMIC_NO_PIC = NO;
				GCC_NO_COMMON_BLOCKS = YES;
				GCC_OPTIMIZATION_LEVEL = 0;
				GCC_PREPROCESSOR_DEFINITIONS = (
					"DEBUG=1",
					"$(inherited)",
				);
				GCC_WARN_64_TO_32_BIT_CONVERSION = YES;
				GCC_WARN_ABOUT_RETURN_TYPE = YES_ERROR;
				GCC_WARN_UNDECLARED_SELECTOR = YES;
				GCC_WARN_UNINITIALIZED_AUTOS = YES_AGGRESSIVE;
				GCC_WARN_UNUSED_FUNCTION = YES;
				GCC_WARN_UNUSED_VARIABLE = YES;
				MACOSX_DEPLOYMENT_TARGET = 10.11;
				MTL_ENABLE_DEBUG_INFO = YES;
				ONLY_ACTIVE_ARCH = YES;
				OTHER_LDFLAGS = "-lz";
				SDKROOT = macosx;
				USER_HEADER_SEARCH_PATHS = "../cevfs/**";
			};
			name = Debug;
		};
		944223711D20A59B0016E082 /* Release */ = {
			isa = XCBuildConfiguration;
			buildSettings = {
				CLANG_ANALYZER_NONNULL = YES;
				CLANG_CXX_LANGUAGE_STANDARD = "gnu++0x";
				CLANG_CXX_LIBRARY = "libc++";
				CLANG_ENABLE_MODULES = YES;
				CLANG_ENABLE_OBJC_ARC = YES;
				CLANG_WARN_BOOL_CONVERSION = YES;
				CLANG_WARN_CONSTANT_CONVERSION = YES;
				CLANG_WARN_DIRECT_OBJC_ISA_USAGE = YES_ERROR;
				CLANG_WARN_EMPTY_BODY = YES;
				CLANG_WARN_ENUM_CONVERSION = YES;
				CLANG_WARN_INT_CONVERSION = YES;
				CLANG_WARN_OBJC_ROOT_CLASS = YES_ERROR;
				CLANG_WARN_UNREACHABLE_CODE = YES;
				CLANG_WARN__DUPLICATE_METHOD_MATCH = YES;
				CODE_SIGN_IDENTITY = "-";
				COPY_PHASE_STRIP = NO;
				DEBUG_INFORMATION_FORMAT = "dwarf-with-dsym";
				ENABLE_NS_ASSERTIONS = NO;
				ENABLE_STRICT_OBJC_MSGSEND = YES;
				GCC_C_LANGUAGE_STANDARD = gnu99;
				GCC_NO_COMMON_BLOCKS = YES;
				GCC_WARN_64_TO_32_BIT_CONVERSION = YES;
				GCC_WARN_ABOUT_RETURN_TYPE = YES_ERROR;
				GCC_WARN_UNDECLARED_SELECTOR = YES;
				GCC_WARN_UNINITIALIZED_AUTOS = YES_AGGRESSIVE;
				GCC_WARN_UNUSED_FUNCTION = YES;
				GCC_WARN_UNUSED_VARIABLE = YES;
				MACOSX_DEPLOYMENT_TARGET = 10.11;
				MTL_ENABLE_DEBUG_INFO = NO;
				OTHER_LDFLAGS = "-lz";
				SDKROOT = macosx;
				USER_HEADER_SEARCH_PATHS = "../cevfs/**";
			};
			name = Release;
		};
		944223731D20A59B0016E082 /* Debug */ = {
			isa = XCBuildConfiguration;
			buildSettings = {
				PRODUCT_NAME = "$(TARGET_NAME)";
			};
			name = Debug;
		};
		944223741D20A59B0016E082 /* Release */ = {
			isa = XCBuildConfiguration;
			buildSettings = {
				PRODUCT_NAME = "$(TARGET_NAME)";
			};
			name = Release;
		};
/* End XCBuildConfiguration section */

/* Begin XCConfigurationList section */
		944223661D20A59B0016E082 /* Build configuration list for PBXProject "cevfs_build" */ = {
			isa = XCConfigurationList;
			buildConfigurations = (
				944223701D20A59B0016E082 /* Debug */,
				944223711D20A59B0016E082 /* Release */,
			);
			defaultConfigurationIsVisible = 0;
			defaultConfigurationName = Release;
		};
		944223721D20A59B0016E082 /* Build configuration list for PBXNativeTarget "cevfs_build" */ = {
			isa = XCConfigurationList;
			buildConfigurations = (
				944223731D20A59B0016E082 /* Debug */,
				944223741D20A59B0016E082 /* Release */,
			);
			defaultConfigurationIsVisible = 0;
			defaultConfigurationName = Release;
		};
/* End XCConfigurationList section */
	};
	rootObject = 944223631D20A59B0016E082 /* Project object */;
}
