// !$*UTF8*$!
{
	archiveVersion = 1;
	classes = {
	};
	objectVersion = 46;
	objects = {

/* Begin PBXBuildFile section */
		944223601D2042D00016E082 /* libsqlite.a in Frameworks */ = {isa = PBXBuildFile; fileRef = 9442235F1D2042D00016E082 /* libsqlite.a */; };
		9497BD021C53D96600ADD79F /* main.c in Sources */ = {isa = PBXBuildFile; fileRef = 9497BD011C53D96600ADD79F /* main.c */; };
/* End PBXBuildFile section */

/* Begin PBXCopyFilesBuildPhase section */
		9497BCFC1C53D96600ADD79F /* CopyFiles */ = {
			isa = PBXCopyFilesBuildPhase;
			buildActionMask = 2147483647;
			dstPath = /usr/share/man/man1/;
			dstSubfolderSpec = 0;
			files = (
			);
			runOnlyForDeploymentPostprocessing = 1;
		};
/* End PBXCopyFilesBuildPhase section */

/* Begin PBXFileReference section */
		9442235F1D2042D00016E082 /* libsqlite.a */ = {isa = PBXFileReference; lastKnownFileType = archive.ar; name = libsqlite.a; path = "../../../Library/Developer/Xcode/DerivedData/cevfs-hfabimsbqwgxjbecetgifrofdoaw/Build/Products/Debug/libsqlite.a"; sourceTree = "<group>"; };
		9497BCFE1C53D96600ADD79F /* cevfs_example */ = {isa = PBXFileReference; explicitFileType = "compiled.mach-o.executable"; includeInIndex = 0; path = cevfs_example; sourceTree = BUILT_PRODUCTS_DIR; };
		9497BD011C53D96600ADD79F /* main.c */ = {isa = PBXFileReference; lastKnownFileType = sourcecode.c.c; path = main.c; sourceTree = "<group>"; };
/* End PBXFileReference section */

/* Begin PBXFrameworksBuildPhase section */
		9497BCFB1C53D96600ADD79F /* Frameworks */ = {
			isa = PBXFrameworksBuildPhase;
			buildActionMask = 2147483647;
			files = (
				944223601D2042D00016E082 /* libsqlite.a in Frameworks */,
			);
			runOnlyForDeploymentPostprocessing = 0;
		};
/* End PBXFrameworksBuildPhase section */

/* Begin PBXGroup section */
		9497BCF51C53D96600ADD79F = {
			isa = PBXGroup;
			children = (
				9497BD011C53D96600ADD79F /* main.c */,
				9497BE1D1C53E04D00ADD79F /* Frameworks */,
				9497BCFF1C53D96600ADD79F /* Products */,
			);
			sourceTree = "<group>";
		};
		9497BCFF1C53D96600ADD79F /* Products */ = {
			isa = PBXGroup;
			children = (
				9497BCFE1C53D96600ADD79F /* cevfs_example */,
			);
			name = Products;
			sourceTree = "<group>";
		};
		9497BE1D1C53E04D00ADD79F /* Frameworks */ = {
			isa = PBXGroup;
			children = (
				9442235F1D2042D00016E082 /* libsqlite.a */,
			);
			name = Frameworks;
			sourceTree = "<group>";
		};
/* End PBXGroup section */

/* Begin PBXNativeTarget section */
		9497BCFD1C53D96600ADD79F /* cevfs_example */ = {
			isa = PBXNativeTarget;
			buildConfigurationList = 9497BD051C53D96600ADD79F /* Build configuration list for PBXNativeTarget "cevfs_example" */;
			buildPhases = (
				9497BCFA1C53D96600ADD79F /* Sources */,
				9497BCFB1C53D96600ADD79F /* Frameworks */,
				9497BCFC1C53D96600ADD79F /* CopyFiles */,
			);
			buildRules = (
			);
			dependencies = (
			);
			name = cevfs_example;
			productName = sqlite_compress_test;
			productReference = 9497BCFE1C53D96600ADD79F /* cevfs_example */;
			productType = "com.apple.product-type.tool";
		};
/* End PBXNativeTarget section */

/* Begin PBXProject section */
		9497BCF61C53D96600ADD79F /* Project object */ = {
			isa = PBXProject;
			attributes = {
				LastUpgradeCheck = 0720;
				ORGANIZATIONNAME = "Murage Inc.";
				TargetAttributes = {
					9497BCFD1C53D96600ADD79F = {
						CreatedOnToolsVersion = 7.2;
					};
				};
			};
			buildConfigurationList = 9497BCF91C53D96600ADD79F /* Build configuration list for PBXProject "cevfs_example" */;
			compatibilityVersion = "Xcode 3.2";
			developmentRegion = English;
			hasScannedForEncodings = 0;
			knownRegions = (
				en,
			);
			mainGroup = 9497BCF51C53D96600ADD79F;
			productRefGroup = 9497BCFF1C53D96600ADD79F /* Products */;
			projectDirPath = "";
			projectRoot = "";
			targets = (
				9497BCFD1C53D96600ADD79F /* cevfs_example */,
			);
		};
/* End PBXProject section */

/* Begin PBXSourcesBuildPhase section */
		9497BCFA1C53D96600ADD79F /* Sources */ = {
			isa = PBXSourcesBuildPhase;
			buildActionMask = 2147483647;
			files = (
				9497BD021C53D96600ADD79F /* main.c in Sources */,
			);
			runOnlyForDeploymentPostprocessing = 0;
		};
/* End PBXSourcesBuildPhase section */

/* Begin XCBuildConfiguration section */
		9497BD031C53D96600ADD79F /* Debug */ = {
			isa = XCBuildConfiguration;
			buildSettings = {
				ALWAYS_SEARCH_USER_PATHS = YES;
				CLANG_CXX_LANGUAGE_STANDARD = "gnu++0x";
				CLANG_CXX_LIBRARY = "libc++";
				CLANG_ENABLE_MODULES = YES;
				CLANG_ENABLE_OBJC_ARC = YES;
				CLANG_WARN_BOOL_CONVERSION = YES;
				CLANG_WARN_CONSTANT_CONVERSION = YES;
				CLANG_WARN_DIRECT_OBJC_ISA_USAGE = YES_ERROR;
				CLANG_WARN_EMPTY_BODY = YES;
				CLANG_WARN_ENUM_CONVERSION = YES;
				CLANG_WARN_INT_CONVERSION = YES;
				CLANG_WARN_OBJC_ROOT_CLASS = YES_ERROR;
				CLANG_WARN_UNREACHABLE_CODE = YES;
				CLANG_WARN__DUPLICATE_METHOD_MATCH = YES;
				CODE_SIGN_IDENTITY = "-";
				COPY_PHASE_STRIP = NO;
				DEBUG_INFORMATION_FORMAT = dwarf;
				ENABLE_STRICT_OBJC_MSGSEND = YES;
				ENABLE_TESTABILITY = YES;
				GCC_C_LANGUAGE_STANDARD = gnu99;
				GCC_DYNAMIC_NO_PIC = NO;
				GCC_NO_COMMON_BLOCKS = YES;
				GCC_OPTIMIZATION_LEVEL = 0;
				GCC_PREPROCESSOR_DEFINITIONS = (
					"DEBUG=1",
					SQLITE_ENABLE_ZIPVFS,
					"$(inherited)",
				);
				GCC_WARN_64_TO_32_BIT_CONVERSION = YES;
				GCC_WARN_ABOUT_RETURN_TYPE = YES_ERROR;
				GCC_WARN_UNDECLARED_SELECTOR = YES;
				GCC_WARN_UNINITIALIZED_AUTOS = YES_AGGRESSIVE;
				GCC_WARN_UNUSED_FUNCTION = YES;
				GCC_WARN_UNUSED_VARIABLE = YES;
				HEADER_SEARCH_PATHS = "$(PROJECT_DIR)";
				MACOSX_DEPLOYMENT_TARGET = 10.11;
				MTL_ENABLE_DEBUG_INFO = YES;
				ONLY_ACTIVE_ARCH = YES;
				OTHER_LDFLAGS = "-lz";
				SDKROOT = macosx;
				USER_HEADER_SEARCH_PATHS = "$(BUILT_PRODUCTS_DIR)/**";
			};
			name = Debug;
		};
		9497BD041C53D96600ADD79F /* Release */ = {
			isa = XCBuildConfiguration;
			buildSettings = {
				ALWAYS_SEARCH_USER_PATHS = YES;
				CLANG_CXX_LANGUAGE_STANDARD = "gnu++0x";
				CLANG_CXX_LIBRARY = "libc++";
				CLANG_ENABLE_MODULES = YES;
				CLANG_ENABLE_OBJC_ARC = YES;
				CLANG_WARN_BOOL_CONVERSION = YES;
				CLANG_WARN_CONSTANT_CONVERSION = YES;
				CLANG_WARN_DIRECT_OBJC_ISA_USAGE = YES_ERROR;
				CLANG_WARN_EMPTY_BODY = YES;
				CLANG_WARN_ENUM_CONVERSION = YES;
				CLANG_WARN_INT_CONVERSION = YES;
				CLANG_WARN_OBJC_ROOT_CLASS = YES_ERROR;
				CLANG_WARN_UNREACHABLE_CODE = YES;
				CLANG_WARN__DUPLICATE_METHOD_MATCH = YES;
				CODE_SIGN_IDENTITY = "-";
				COPY_PHASE_STRIP = NO;
				DEBUG_INFORMATION_FORMAT = "dwarf-with-dsym";
				ENABLE_NS_ASSERTIONS = NO;
				ENABLE_STRICT_OBJC_MSGSEND = YES;
				GCC_C_LANGUAGE_STANDARD = gnu99;
				GCC_NO_COMMON_BLOCKS = YES;
				GCC_WARN_64_TO_32_BIT_CONVERSION = YES;
				GCC_WARN_ABOUT_RETURN_TYPE = YES_ERROR;
				GCC_WARN_UNDECLARED_SELECTOR = YES;
				GCC_WARN_UNINITIALIZED_AUTOS = YES_AGGRESSIVE;
				GCC_WARN_UNUSED_FUNCTION = YES;
				GCC_WARN_UNUSED_VARIABLE = YES;
				HEADER_SEARCH_PATHS = "$(PROJECT_DIR)";
				MACOSX_DEPLOYMENT_TARGET = 10.11;
				MTL_ENABLE_DEBUG_INFO = NO;
				OTHER_LDFLAGS = "-lz";
				SDKROOT = macosx;
				USER_HEADER_SEARCH_PATHS = "$(BUILT_PRODUCTS_DIR)/**";
			};
			name = Release;
		};
		9497BD061C53D96600ADD79F /* Debug */ = {
			isa = XCBuildConfiguration;
			buildSettings = {
				GCC_PREPROCESSOR_DEFINITIONS = (
					"DEBUG=1",
					SQLITE_ENABLE_ZIPVFS,
					"$(inherited)",
				);
				PRODUCT_NAME = "$(TARGET_NAME)";
				USER_HEADER_SEARCH_PATHS = "../cevfs/** $(BUILT_PRODUCTS_DIR)/**";
			};
			name = Debug;
		};
		9497BD071C53D96600ADD79F /* Release */ = {
			isa = XCBuildConfiguration;
			buildSettings = {
				PRODUCT_NAME = "$(TARGET_NAME)";
				USER_HEADER_SEARCH_PATHS = "../cevfs/** $(BUILT_PRODUCTS_DIR)/**";
			};
			name = Release;
		};
/* End XCBuildConfiguration section */

/* Begin XCConfigurationList section */
		9497BCF91C53D96600ADD79F /* Build configuration list for PBXProject "cevfs_example" */ = {
			isa = XCConfigurationList;
			buildConfigurations = (
				9497BD031C53D96600ADD79F /* Debug */,
				9497BD041C53D96600ADD79F /* Release */,
			);
			defaultConfigurationIsVisible = 0;
			defaultConfigurationName = Release;
		};
		9497BD051C53D96600ADD79F /* Build configuration list for PBXNativeTarget "cevfs_example" */ = {
			isa = XCConfigurationList;
			buildConfigurations = (
				9497BD061C53D96600ADD79F /* Debug */,
				9497BD071C53D96600ADD79F /* Release */,
			);
			defaultConfigurationIsVisible = 0;
			defaultConfigurationName = Release;
		};
/* End XCConfigurationList section */
	};
	rootObject = 9497BCF61C53D96600ADD79F /* Project object */;
}
